
Microsoft Visual Studio Solution File, Format Version 12.00
# Visual Studio Version 16
VisualStudioVersion = 16.0.31729.503
MinimumVisualStudioVersion = 10.0.40219.1
Project("{FAE04EC0-301F-11D3-BF4B-00C04F79EFBC}") = "ProyectoInventario", "ProyectoInventario\ProyectoInventario.csproj", "{960D0B84-A9E9-46B6-A9F3-56F277EEE0FF}"
EndProject
Global
	GlobalSection(SolutionConfigurationPlatforms) = preSolution
		Debug|Any CPU = Debug|Any CPU
		Release|Any CPU = Release|Any CPU
	EndGlobalSection
	GlobalSection(ProjectConfigurationPlatforms) = postSolution
		{960D0B84-A9E9-46B6-A9F3-56F277EEE0FF}.Debug|Any CPU.ActiveCfg = Debug|Any CPU
		{960D0B84-A9E9-46B6-A9F3-56F277EEE0FF}.Debug|Any CPU.Build.0 = Debug|Any CPU
		{960D0B84-A9E9-46B6-A9F3-56F277EEE0FF}.Release|Any CPU.ActiveCfg = Release|Any CPU
		{960D0B84-A9E9-46B6-A9F3-56F277EEE0FF}.Release|Any CPU.Build.0 = Release|Any CPU
	EndGlobalSection
	GlobalSection(SolutionProperties) = preSolution
		HideSolutionNode = FALSE
	EndGlobalSection
	GlobalSection(ExtensibilityGlobals) = postSolution
		SolutionGuid = {A1835147-DDA4-4D4A-ADCA-B2618FC46A8E}
	EndGlobalSection
EndGlobal
